
Microsoft Visual Studio Solution File, Format Version 12.00
# Visual Studio Version 17
VisualStudioVersion = 17.7.34024.191
MinimumVisualStudioVersion = 10.0.40219.1
Project("{9A19103F-16F7-4668-BE54-9A1E7A4F7556}") = "Integrador Nro 2", "Integrador Nro 2\Integrador Nro 2.csproj", "{34DBFCDC-EB94-4D0B-9F44-197C874C68D5}"
EndProject
Project("{9A19103F-16F7-4668-BE54-9A1E7A4F7556}") = "Entidades", "Entidades\Entidades.csproj", "{2B84A59D-2D1A-49DA-A8A5-E3035ACDF274}"
EndProject
Project("{FAE04EC0-301F-11D3-BF4B-00C04F79EFBC}") = "Testeo", "Testeo\Testeo.csproj", "{F36E680C-6322-4DE8-8AF1-2F414C0B01CD}"
EndProject
Global
	GlobalSection(SolutionConfigurationPlatforms) = preSolution
		Debug|Any CPU = Debug|Any CPU
		Release|Any CPU = Release|Any CPU
	EndGlobalSection
	GlobalSection(ProjectConfigurationPlatforms) = postSolution
		{34DBFCDC-EB94-4D0B-9F44-197C874C68D5}.Debug|Any CPU.ActiveCfg = Debug|Any CPU
		{34DBFCDC-EB94-4D0B-9F44-197C874C68D5}.Debug|Any CPU.Build.0 = Debug|Any CPU
		{34DBFCDC-EB94-4D0B-9F44-197C874C68D5}.Release|Any CPU.ActiveCfg = Release|Any CPU
		{34DBFCDC-EB94-4D0B-9F44-197C874C68D5}.Release|Any CPU.Build.0 = Release|Any CPU
		{2B84A59D-2D1A-49DA-A8A5-E3035ACDF274}.Debug|Any CPU.ActiveCfg = Debug|Any CPU
		{2B84A59D-2D1A-49DA-A8A5-E3035ACDF274}.Debug|Any CPU.Build.0 = Debug|Any CPU
		{2B84A59D-2D1A-49DA-A8A5-E3035ACDF274}.Release|Any CPU.ActiveCfg = Release|Any CPU
		{2B84A59D-2D1A-49DA-A8A5-E3035ACDF274}.Release|Any CPU.Build.0 = Release|Any CPU
		{F36E680C-6322-4DE8-8AF1-2F414C0B01CD}.Debug|Any CPU.ActiveCfg = Debug|Any CPU
		{F36E680C-6322-4DE8-8AF1-2F414C0B01CD}.Debug|Any CPU.Build.0 = Debug|Any CPU
		{F36E680C-6322-4DE8-8AF1-2F414C0B01CD}.Release|Any CPU.ActiveCfg = Release|Any CPU
		{F36E680C-6322-4DE8-8AF1-2F414C0B01CD}.Release|Any CPU.Build.0 = Release|Any CPU
	EndGlobalSection
	GlobalSection(SolutionProperties) = preSolution
		HideSolutionNode = FALSE
	EndGlobalSection
	GlobalSection(ExtensibilityGlobals) = postSolution
		SolutionGuid = {9EE8EBB3-0C36-482E-8D60-8B9996442B95}
	EndGlobalSection
EndGlobal
